
Microsoft Visual Studio Solution File, Format Version 12.00
# Visual Studio Version 16
VisualStudioVersion = 16.0.29102.190
MinimumVisualStudioVersion = 10.0.40219.1
Project("{9A19103F-16F7-4668-BE54-9A1E7A4F7556}") = "Test1", "Test1\Test1.csproj", "{7BFB30C5-90F5-4460-8B64-8D9E378EC5F8}"
EndProject
Project("{FAE04EC0-301F-11D3-BF4B-00C04F79EFBC}") = "XUnitTestProject1", "XUnitTestProject1\XUnitTestProject1.csproj", "{32C13690-BE61-4132-A34B-EF1517CA7FFD}"
EndProject
Project("{FAE04EC0-301F-11D3-BF4B-00C04F79EFBC}") = "UnitTestProject1", "UnitTestProject1\UnitTestProject1.csproj", "{A3A31990-C69D-4006-B0F6-8BD23016A3C4}"
EndProject
Global
	GlobalSection(SolutionConfigurationPlatforms) = preSolution
		Debug|Any CPU = Debug|Any CPU
		Release|Any CPU = Release|Any CPU
	EndGlobalSection
	GlobalSection(ProjectConfigurationPlatforms) = postSolution
		{7BFB30C5-90F5-4460-8B64-8D9E378EC5F8}.Debug|Any CPU.ActiveCfg = Debug|Any CPU
		{7BFB30C5-90F5-4460-8B64-8D9E378EC5F8}.Debug|Any CPU.Build.0 = Debug|Any CPU
		{7BFB30C5-90F5-4460-8B64-8D9E378EC5F8}.Release|Any CPU.ActiveCfg = Release|Any CPU
		{7BFB30C5-90F5-4460-8B64-8D9E378EC5F8}.Release|Any CPU.Build.0 = Release|Any CPU
		{32C13690-BE61-4132-A34B-EF1517CA7FFD}.Debug|Any CPU.ActiveCfg = Debug|Any CPU
		{32C13690-BE61-4132-A34B-EF1517CA7FFD}.Debug|Any CPU.Build.0 = Debug|Any CPU
		{32C13690-BE61-4132-A34B-EF1517CA7FFD}.Release|Any CPU.ActiveCfg = Release|Any CPU
		{32C13690-BE61-4132-A34B-EF1517CA7FFD}.Release|Any CPU.Build.0 = Release|Any CPU
		{A3A31990-C69D-4006-B0F6-8BD23016A3C4}.Debug|Any CPU.ActiveCfg = Debug|Any CPU
		{A3A31990-C69D-4006-B0F6-8BD23016A3C4}.Debug|Any CPU.Build.0 = Debug|Any CPU
		{A3A31990-C69D-4006-B0F6-8BD23016A3C4}.Release|Any CPU.ActiveCfg = Release|Any CPU
		{A3A31990-C69D-4006-B0F6-8BD23016A3C4}.Release|Any CPU.Build.0 = Release|Any CPU
	EndGlobalSection
	GlobalSection(SolutionProperties) = preSolution
		HideSolutionNode = FALSE
	EndGlobalSection
	GlobalSection(ExtensibilityGlobals) = postSolution
		SolutionGuid = {86A5B0D5-2D6D-47F2-A5A8-169924CF714B}
	EndGlobalSection
EndGlobal
